<?xml version="1.0" encoding="utf-8"?>
<Project ToolsVersion="4.0" xmlns="http://schemas.microsoft.com/developer/msbuild/2003">
  <ItemGroup>
    <Filter Include="Исходные файлы">
      <UniqueIdentifier>{4FC737F1-C7A5-4376-A066-2A32D752A2FF}</UniqueIdentifier>
      <Extensions>cpp;c;cc;cxx;c++;cppm;ixx;def;odl;idl;hpj;bat;asm;asmx</Extensions>
    </Filter>
    <Filter Include="Файлы заголовков">
      <UniqueIdentifier>{93995380-89BD-4b04-88EB-625FBE52EBFB}</UniqueIdentifier>
      <Extensions>h;hh;hpp;hxx;h++;hm;inl;inc;ipp;xsd</Extensions>
    </Filter>
    <Filter Include="Файлы ресурсов">
      <UniqueIdentifier>{67DA6AB6-F800-4c08-8B7A-83BB121AAD01}</UniqueIdentifier>
      <Extensions>rc;ico;cur;bmp;dlg;rc2;rct;bin;rgs;gif;jpg;jpeg;jpe;resx;tiff;tif;png;wav;mfcribbon-ms</Extensions>
    </Filter>
  </ItemGroup>
  <ItemGroup>
    <ClCompile Include="graph_theory.cpp">
      <Filter>Исходные файлы</Filter>
    </ClCompile>
    <ClCompile Include="src\Graph.cpp">
      <Filter>Исходные файлы</Filter>
    </ClCompile>
    <ClCompile Include="src\pch.cpp">
      <Filter>Исходные файлы</Filter>
    </ClCompile>
    <ClCompile Include="src\CommandManager.cpp">
      <Filter>Исходные файлы</Filter>
    </ClCompile>
    <ClCompile Include="src\task1\PresetGraphManT1.cpp">
      <Filter>Исходные файлы</Filter>
    </ClCompile>
    <ClCompile Include="src\task1\PresetScriptManT1.cpp">
      <Filter>Исходные файлы</Filter>
    </ClCompile>
    <ClCompile Include="src\task2\PresetGraphManT2.cpp">
      <Filter>Исходные файлы</Filter>
    </ClCompile>
    <ClCompile Include="src\task2\PresetScriptManT2.cpp">
      <Filter>Исходные файлы</Filter>
    </ClCompile>
    <ClCompile Include="src\Managers\PresetsManangers\MajorScriptManPreset.cpp">
      <Filter>Исходные файлы</Filter>
    </ClCompile>
    <ClCompile Include="src\Managers\PresetsManangers\MajorGraphManPreset.cpp">
      <Filter>Исходные файлы</Filter>
    </ClCompile>
    <ClCompile Include="src\Managers\GraphManager.cpp">
      <Filter>Исходные файлы</Filter>
    </ClCompile>
    <ClCompile Include="src\Managers\ScriptManager.cpp">
      <Filter>Исходные файлы</Filter>
    </ClCompile>
    <ClCompile Include="src\task3\PresetGraphManT3.cpp">
      <Filter>Исходные файлы</Filter>
    </ClCompile>
    <ClCompile Include="src\task3\PresetScriptManT3.cpp">
      <Filter>Исходные файлы</Filter>
    </ClCompile>
    <ClCompile Include="src\task4\PresetGraphManT4.cpp">
      <Filter>Исходные файлы</Filter>
    </ClCompile>
    <ClCompile Include="src\task4\PresetScriptManT4.cpp">
      <Filter>Исходные файлы</Filter>
    </ClCompile>
    <ClCompile Include="src\DSU.cpp">
      <Filter>Исходные файлы</Filter>
    </ClCompile>
    <ClCompile Include="src\task5\PresetGraphManT5.cpp">
      <Filter>Исходные файлы</Filter>
    </ClCompile>
    <ClCompile Include="src\task5\PresetScriptManT5.cpp">
      <Filter>Исходные файлы</Filter>
    </ClCompile>
  </ItemGroup>
  <ItemGroup>
    <ClInclude Include="src\Constants.h">
      <Filter>Файлы заголовков</Filter>
    </ClInclude>
    <ClInclude Include="src\Graph.h">
      <Filter>Файлы заголовков</Filter>
    </ClInclude>
    <ClInclude Include="src\pch.h">
      <Filter>Файлы заголовков</Filter>
    </ClInclude>
    <ClInclude Include="src\Logger.hpp">
      <Filter>Файлы заголовков</Filter>
    </ClInclude>
    <ClInclude Include="src\Support.h">
      <Filter>Файлы заголовков</Filter>
    </ClInclude>
    <ClInclude Include="src\CommandManager.h">
      <Filter>Файлы заголовков</Filter>
    </ClInclude>
    <ClInclude Include="src\task1\PresetGraphManT1.h">
      <Filter>Файлы заголовков</Filter>
    </ClInclude>
    <ClInclude Include="src\task1\PresetScriptManT1.h">
      <Filter>Файлы заголовков</Filter>
    </ClInclude>
    <ClInclude Include="src\task2\PresetGraphManT2.h">
      <Filter>Файлы заголовков</Filter>
    </ClInclude>
    <ClInclude Include="src\task2\PresetScriptManT2.h">
      <Filter>Файлы заголовков</Filter>
    </ClInclude>
    <ClInclude Include="src\base\BasePresetGraphMan.hpp">
      <Filter>Файлы заголовков</Filter>
    </ClInclude>
    <ClInclude Include="src\base\BasePresetScriptMan.hpp">
      <Filter>Файлы заголовков</Filter>
    </ClInclude>
    <ClInclude Include="src\Managers\PresetsManangers\MajorScriptManPreset.h">
      <Filter>Файлы заголовков</Filter>
    </ClInclude>
    <ClInclude Include="src\Managers\PresetsManangers\MajorGraphManPreset.h">
      <Filter>Файлы заголовков</Filter>
    </ClInclude>
    <ClInclude Include="src\Managers\GraphManager.h">
      <Filter>Файлы заголовков</Filter>
    </ClInclude>
    <ClInclude Include="src\Managers\ScriptManager.h">
      <Filter>Файлы заголовков</Filter>
    </ClInclude>
    <ClInclude Include="src\Algorithms.hpp">
      <Filter>Файлы заголовков</Filter>
    </ClInclude>
    <ClInclude Include="src\task3\PresetGraphManT3.h">
      <Filter>Файлы заголовков</Filter>
    </ClInclude>
    <ClInclude Include="src\task3\PresetScriptManT3.h">
      <Filter>Файлы заголовков</Filter>
    </ClInclude>
    <ClInclude Include="src\task4\PresetGraphManT4.h">
      <Filter>Файлы заголовков</Filter>
    </ClInclude>
    <ClInclude Include="src\task4\PresetScriptManT4.h">
      <Filter>Файлы заголовков</Filter>
    </ClInclude>
    <ClInclude Include="src\DSU.h">
      <Filter>Файлы заголовков</Filter>
    </ClInclude>
    <ClInclude Include="src\task5\PresetGraphManT5.h">
      <Filter>Файлы заголовков</Filter>
    </ClInclude>
    <ClInclude Include="src\task5\PresetScriptManT5.h">
      <Filter>Файлы заголовков</Filter>
    </ClInclude>
  </ItemGroup>
  <ItemGroup>
    <Text Include="assets\graphs\adjacency_list.txt" />
    <Text Include="assets\graphs\adjacency_matrix.txt" />
    <Text Include="assets\graphs\edges_list.txt" />
    <Text Include="assets\graphs\task1\ans_t1_001.txt" />
    <Text Include="assets\graphs\task1\ans_t1_002.txt" />
    <Text Include="assets\graphs\task1\ans_t1_003.txt" />
    <Text Include="assets\graphs\task1\ans_t1_004.txt" />
    <Text Include="assets\graphs\task1\ans_t1_005.txt" />
    <Text Include="assets\graphs\task1\ans_t1_006.txt" />
    <Text Include="assets\graphs\task1\ans_t1_007.txt" />
    <Text Include="assets\graphs\task1\ans_t1_008.txt" />
    <Text Include="assets\graphs\task1\ans_t1_009.txt" />
    <Text Include="assets\graphs\task1\ans_t1_010.txt" />
    <Text Include="assets\graphs\task1\ans_t1_011.txt" />
    <Text Include="assets\graphs\task1\ans_t1_012.txt" />
    <Text Include="assets\graphs\task1\ans_t1_013.txt" />
    <Text Include="assets\graphs\task1\ans_t1_014.txt" />
    <Text Include="assets\graphs\task1\ans_t1_015.txt" />
    <Text Include="assets\graphs\task1\list_of_adjacency_t1_013.txt" />
    <Text Include="assets\graphs\task1\list_of_adjacency_t1_014.txt" />
    <Text Include="assets\graphs\task1\list_of_adjacency_t1_015.txt" />
    <Text Include="assets\graphs\task1\list_of_edges_t1_001.txt" />
    <Text Include="assets\graphs\task1\list_of_edges_t1_002.txt" />
    <Text Include="assets\graphs\task1\list_of_edges_t1_003.txt" />
    <Text Include="assets\graphs\task1\list_of_edges_t1_004.txt" />
    <Text Include="assets\graphs\task1\list_of_edges_t1_005.txt" />
    <Text Include="assets\graphs\task1\list_of_edges_t1_006.txt" />
    <Text Include="assets\graphs\task1\list_of_edges_t1_007.txt" />
    <Text Include="assets\graphs\task1\list_of_edges_t1_008.txt" />
    <Text Include="assets\graphs\task1\list_of_edges_t1_009.txt" />
    <Text Include="assets\graphs\task1\list_of_edges_t1_010.txt" />
    <Text Include="assets\graphs\task1\list_of_edges_t1_011.txt" />
    <Text Include="assets\graphs\task1\list_of_edges_t1_012.txt" />
    <Text Include="assets\graphs\task1\list_of_edges_t1_013.txt" />
    <Text Include="assets\graphs\task1\list_of_edges_t1_014.txt" />
    <Text Include="assets\graphs\task1\list_of_edges_t1_015.txt" />
    <Text Include="assets\graphs\task1\matrix_t1_001.txt" />
    <Text Include="assets\graphs\task1\matrix_t1_002.txt" />
    <Text Include="assets\graphs\task1\matrix_t1_003.txt" />
    <Text Include="assets\graphs\task1\matrix_t1_004.txt" />
    <Text Include="assets\graphs\task1\matrix_t1_005.txt" />
    <Text Include="assets\graphs\task1\matrix_t1_006.txt" />
    <Text Include="assets\graphs\task1\matrix_t1_007.txt" />
    <Text Include="assets\graphs\task1\matrix_t1_008.txt" />
    <Text Include="assets\graphs\task1\matrix_t1_009.txt" />
    <Text Include="assets\graphs\task1\matrix_t1_010.txt" />
    <Text Include="assets\graphs\task1\matrix_t1_011.txt" />
    <Text Include="assets\graphs\task1\matrix_t1_012.txt" />
    <Text Include="assets\graphs\task1\matrix_t1_013.txt" />
    <Text Include="assets\graphs\task1\matrix_t1_014.txt" />
    <Text Include="assets\graphs\task1\matrix_t1_015.txt" />
    <Text Include="assets\graphs\task2\ans_t2_001.txt" />
    <Text Include="assets\graphs\task2\ans_t2_002.txt" />
    <Text Include="assets\graphs\task2\ans_t2_003.txt" />
    <Text Include="assets\graphs\task2\ans_t2_004.txt" />
    <Text Include="assets\graphs\task2\ans_t2_005.txt" />
    <Text Include="assets\graphs\task2\ans_t2_006.txt" />
    <Text Include="assets\graphs\task2\ans_t2_007.txt" />
    <Text Include="assets\graphs\task2\ans_t2_008.txt" />
    <Text Include="assets\graphs\task2\ans_t2_009.txt" />
    <Text Include="assets\graphs\task2\ans_t2_010.txt" />
    <Text Include="assets\graphs\task2\ans_t2_011.txt" />
    <Text Include="assets\graphs\task2\ans_t2_012.txt" />
    <Text Include="assets\graphs\task2\ans_t2_013.txt" />
    <Text Include="assets\graphs\task2\ans_t2_014.txt" />
    <Text Include="assets\graphs\task2\list_of_adjacency_t2_001.txt" />
    <Text Include="assets\graphs\task2\list_of_adjacency_t2_002.txt" />
    <Text Include="assets\graphs\task2\list_of_adjacency_t2_003.txt" />
    <Text Include="assets\graphs\task2\list_of_adjacency_t2_004.txt" />
    <Text Include="assets\graphs\task2\list_of_adjacency_t2_005.txt" />
    <Text Include="assets\graphs\task2\list_of_adjacency_t2_006.txt" />
    <Text Include="assets\graphs\task2\list_of_adjacency_t2_008.txt" />
    <Text Include="assets\graphs\task2\list_of_adjacency_t2_009.txt" />
    <Text Include="assets\graphs\task2\list_of_adjacency_t2_011.txt" />
    <Text Include="assets\graphs\task2\list_of_adjacency_t2_013.txt" />
    <Text Include="assets\graphs\task2\list_of_adjacency_t2_014.txt" />
    <Text Include="assets\graphs\task2\list_of_edges_t2_001.txt" />
    <Text Include="assets\graphs\task2\list_of_edges_t2_002.txt" />
    <Text Include="assets\graphs\task2\list_of_edges_t2_003.txt" />
    <Text Include="assets\graphs\task2\list_of_edges_t2_004.txt" />
    <Text Include="assets\graphs\task2\list_of_edges_t2_005.txt" />
    <Text Include="assets\graphs\task2\list_of_edges_t2_006.txt" />
    <Text Include="assets\graphs\task2\list_of_edges_t2_007.txt" />
    <Text Include="assets\graphs\task2\list_of_edges_t2_008.txt" />
    <Text Include="assets\graphs\task2\list_of_edges_t2_009.txt" />
    <Text Include="assets\graphs\task2\list_of_edges_t2_010.txt" />
    <Text Include="assets\graphs\task2\list_of_edges_t2_011.txt" />
    <Text Include="assets\graphs\task2\list_of_edges_t2_012.txt" />
    <Text Include="assets\graphs\task2\list_of_edges_t2_013.txt" />
    <Text Include="assets\graphs\task2\list_of_edges_t2_014.txt" />
    <Text Include="assets\graphs\task2\matrix_t2_001.txt" />
    <Text Include="assets\graphs\task2\matrix_t2_002.txt" />
    <Text Include="assets\graphs\task2\matrix_t2_003.txt" />
    <Text Include="assets\graphs\task2\matrix_t2_004.txt" />
    <Text Include="assets\graphs\task2\matrix_t2_005.txt" />
    <Text Include="assets\graphs\task2\matrix_t2_006.txt" />
    <Text Include="assets\graphs\task2\matrix_t2_007.txt" />
    <Text Include="assets\graphs\task2\matrix_t2_008.txt" />
    <Text Include="assets\graphs\task2\matrix_t2_009.txt" />
    <Text Include="assets\graphs\task2\matrix_t2_010.txt" />
    <Text Include="assets\graphs\task2\matrix_t2_011.txt" />
    <Text Include="assets\graphs\task2\matrix_t2_012.txt" />
    <Text Include="assets\graphs\task2\matrix_t2_013.txt" />
    <Text Include="assets\graphs\task2\matrix_t2_014.txt" />
    <Text Include="assets\graphs\task3\ans_t3_001.txt" />
    <Text Include="assets\graphs\task3\ans_t3_002.txt" />
    <Text Include="assets\graphs\task3\ans_t3_003.txt" />
    <Text Include="assets\graphs\task3\ans_t3_004.txt" />
    <Text Include="assets\graphs\task3\ans_t3_005.txt" />
    <Text Include="assets\graphs\task3\ans_t3_006.txt" />
    <Text Include="assets\graphs\task3\ans_t3_007.txt" />
    <Text Include="assets\graphs\task3\ans_t3_008.txt" />
    <Text Include="assets\graphs\task3\ans_t3_009.txt" />
    <Text Include="assets\graphs\task3\ans_t3_010.txt" />
    <Text Include="assets\graphs\task3\list_of_adjacency_t3_001.txt" />
    <Text Include="assets\graphs\task3\list_of_adjacency_t3_002.txt" />
    <Text Include="assets\graphs\task3\list_of_adjacency_t3_003.txt" />
    <Text Include="assets\graphs\task3\list_of_adjacency_t3_004.txt" />
    <Text Include="assets\graphs\task3\list_of_adjacency_t3_005.txt" />
    <Text Include="assets\graphs\task3\list_of_adjacency_t3_006.txt" />
    <Text Include="assets\graphs\task3\list_of_adjacency_t3_007.txt" />
    <Text Include="assets\graphs\task3\list_of_adjacency_t3_008.txt" />
    <Text Include="assets\graphs\task3\list_of_adjacency_t3_009.txt" />
    <Text Include="assets\graphs\task3\list_of_adjacency_t3_010.txt" />
    <Text Include="assets\graphs\task3\list_of_edges_t3_001.txt" />
    <Text Include="assets\graphs\task3\list_of_edges_t3_002.txt" />
    <Text Include="assets\graphs\task3\list_of_edges_t3_003.txt" />
    <Text Include="assets\graphs\task3\list_of_edges_t3_004.txt" />
    <Text Include="assets\graphs\task3\list_of_edges_t3_005.txt" />
    <Text Include="assets\graphs\task3\list_of_edges_t3_006.txt" />
    <Text Include="assets\graphs\task3\list_of_edges_t3_007.txt" />
    <Text Include="assets\graphs\task3\list_of_edges_t3_008.txt" />
    <Text Include="assets\graphs\task3\list_of_edges_t3_009.txt" />
    <Text Include="assets\graphs\task3\list_of_edges_t3_010.txt" />
    <Text Include="assets\graphs\task3\matrix_t3_001.txt" />
    <Text Include="assets\graphs\task3\matrix_t3_002.txt" />
    <Text Include="assets\graphs\task3\matrix_t3_003.txt" />
    <Text Include="assets\graphs\task3\matrix_t3_004.txt" />
    <Text Include="assets\graphs\task3\matrix_t3_005.txt" />
    <Text Include="assets\graphs\task3\matrix_t3_006.txt" />
    <Text Include="assets\graphs\task3\matrix_t3_007.txt" />
    <Text Include="assets\graphs\task3\matrix_t3_008.txt" />
    <Text Include="assets\graphs\task3\matrix_t3_009.txt" />
    <Text Include="assets\graphs\task3\matrix_t3_010.txt" />
  </ItemGroup>
  <ItemGroup>
    <None Include="ClassDiagram1.cd" />
  </ItemGroup>
</Project>